// !$*UTF8*$!
{
	archiveVersion = 1;
	classes = {
	};
	objectVersion = 55;
	objects = {

/* Begin PBXBuildFile section */
		84AF5998281545E60054EC92 /* Tests_iOS.swift in Sources */ = {isa = PBXBuildFile; fileRef = 84AF5997281545E60054EC92 /* Tests_iOS.swift */; };
		84AF599A281545E60054EC92 /* Tests_iOSLaunchTests.swift in Sources */ = {isa = PBXBuildFile; fileRef = 84AF5999281545E60054EC92 /* Tests_iOSLaunchTests.swift */; };
		84AF59A4281545E60054EC92 /* Tests_macOS.swift in Sources */ = {isa = PBXBuildFile; fileRef = 84AF59A3281545E60054EC92 /* Tests_macOS.swift */; };
		84AF59A6281545E60054EC92 /* Tests_macOSLaunchTests.swift in Sources */ = {isa = PBXBuildFile; fileRef = 84AF59A5281545E60054EC92 /* Tests_macOSLaunchTests.swift */; };
		84AF59A7281545E60054EC92 /* TestRtkApp.swift in Sources */ = {isa = PBXBuildFile; fileRef = 84AF597F281545DE0054EC92 /* TestRtkApp.swift */; };
		84AF59A8281545E60054EC92 /* TestRtkApp.swift in Sources */ = {isa = PBXBuildFile; fileRef = 84AF597F281545DE0054EC92 /* TestRtkApp.swift */; };
		84AF59A9281545E60054EC92 /* ContentView.swift in Sources */ = {isa = PBXBuildFile; fileRef = 84AF5980281545DE0054EC92 /* ContentView.swift */; };
		84AF59AA281545E60054EC92 /* ContentView.swift in Sources */ = {isa = PBXBuildFile; fileRef = 84AF5980281545DE0054EC92 /* ContentView.swift */; };
		84AF59AB281545E60054EC92 /* Assets.xcassets in Resources */ = {isa = PBXBuildFile; fileRef = 84AF5981281545E60054EC92 /* Assets.xcassets */; };
		84AF59AC281545E60054EC92 /* Assets.xcassets in Resources */ = {isa = PBXBuildFile; fileRef = 84AF5981281545E60054EC92 /* Assets.xcassets */; };
/* End PBXBuildFile section */

/* Begin PBXContainerItemProxy section */
		84AF5994281545E60054EC92 /* PBXContainerItemProxy */ = {
			isa = PBXContainerItemProxy;
			containerPortal = 84AF597A281545DD0054EC92 /* Project object */;
			proxyType = 1;
			remoteGlobalIDString = 84AF5985281545E60054EC92;
			remoteInfo = "TestRtk (iOS)";
		};
		84AF59A0281545E60054EC92 /* PBXContainerItemProxy */ = {
			isa = PBXContainerItemProxy;
			containerPortal = 84AF597A281545DD0054EC92 /* Project object */;
			proxyType = 1;
			remoteGlobalIDString = 84AF598B281545E60054EC92;
			remoteInfo = "TestRtk (macOS)";
		};
/* End PBXContainerItemProxy section */

/* Begin PBXFileReference section */
		84AF597F281545DE0054EC92 /* TestRtkApp.swift */ = {isa = PBXFileReference; lastKnownFileType = sourcecode.swift; path = TestRtkApp.swift; sourceTree = "<group>"; };
		84AF5980281545DE0054EC92 /* ContentView.swift */ = {isa = PBXFileReference; lastKnownFileType = sourcecode.swift; path = ContentView.swift; sourceTree = "<group>"; };
		84AF5981281545E60054EC92 /* Assets.xcassets */ = {isa = PBXFileReference; lastKnownFileType = folder.assetcatalog; path = Assets.xcassets; sourceTree = "<group>"; };
		84AF5986281545E60054EC92 /* TestRtk.app */ = {isa = PBXFileReference; explicitFileType = wrapper.application; includeInIndex = 0; path = TestRtk.app; sourceTree = BUILT_PRODUCTS_DIR; };
		84AF598C281545E60054EC92 /* TestRtk.app */ = {isa = PBXFileReference; explicitFileType = wrapper.application; includeInIndex = 0; path = TestRtk.app; sourceTree = BUILT_PRODUCTS_DIR; };
		84AF598E281545E60054EC92 /* macOS.entitlements */ = {isa = PBXFileReference; lastKnownFileType = text.plist.entitlements; path = macOS.entitlements; sourceTree = "<group>"; };
		84AF5993281545E60054EC92 /* Tests iOS.xctest */ = {isa = PBXFileReference; explicitFileType = wrapper.cfbundle; includeInIndex = 0; path = "Tests iOS.xctest"; sourceTree = BUILT_PRODUCTS_DIR; };
		84AF5997281545E60054EC92 /* Tests_iOS.swift */ = {isa = PBXFileReference; lastKnownFileType = sourcecode.swift; path = Tests_iOS.swift; sourceTree = "<group>"; };
		84AF5999281545E60054EC92 /* Tests_iOSLaunchTests.swift */ = {isa = PBXFileReference; lastKnownFileType = sourcecode.swift; path = Tests_iOSLaunchTests.swift; sourceTree = "<group>"; };
		84AF599F281545E60054EC92 /* Tests macOS.xctest */ = {isa = PBXFileReference; explicitFileType = wrapper.cfbundle; includeInIndex = 0; path = "Tests macOS.xctest"; sourceTree = BUILT_PRODUCTS_DIR; };
		84AF59A3281545E60054EC92 /* Tests_macOS.swift */ = {isa = PBXFileReference; lastKnownFileType = sourcecode.swift; path = Tests_macOS.swift; sourceTree = "<group>"; };
		84AF59A5281545E60054EC92 /* Tests_macOSLaunchTests.swift */ = {isa = PBXFileReference; lastKnownFileType = sourcecode.swift; path = Tests_macOSLaunchTests.swift; sourceTree = "<group>"; };
/* End PBXFileReference section */

/* Begin PBXFrameworksBuildPhase section */
		84AF5983281545E60054EC92 /* Frameworks */ = {
			isa = PBXFrameworksBuildPhase;
			buildActionMask = 2147483647;
			files = (
			);
			runOnlyForDeploymentPostprocessing = 0;
		};
		84AF5989281545E60054EC92 /* Frameworks */ = {
			isa = PBXFrameworksBuildPhase;
			buildActionMask = 2147483647;
			files = (
			);
			runOnlyForDeploymentPostprocessing = 0;
		};
		84AF5990281545E60054EC92 /* Frameworks */ = {
			isa = PBXFrameworksBuildPhase;
			buildActionMask = 2147483647;
			files = (
			);
			runOnlyForDeploymentPostprocessing = 0;
		};
		84AF599C281545E60054EC92 /* Frameworks */ = {
			isa = PBXFrameworksBuildPhase;
			buildActionMask = 2147483647;
			files = (
			);
			runOnlyForDeploymentPostprocessing = 0;
		};
/* End PBXFrameworksBuildPhase section */

/* Begin PBXGroup section */
		84AF5979281545DD0054EC92 = {
			isa = PBXGroup;
			children = (
				84AF597E281545DE0054EC92 /* Shared */,
				84AF598D281545E60054EC92 /* macOS */,
				84AF5996281545E60054EC92 /* Tests iOS */,
				84AF59A2281545E60054EC92 /* Tests macOS */,
				84AF5987281545E60054EC92 /* Products */,
			);
			sourceTree = "<group>";
		};
		84AF597E281545DE0054EC92 /* Shared */ = {
			isa = PBXGroup;
			children = (
				84AF597F281545DE0054EC92 /* TestRtkApp.swift */,
				84AF5980281545DE0054EC92 /* ContentView.swift */,
				84AF5981281545E60054EC92 /* Assets.xcassets */,
			);
			path = Shared;
			sourceTree = "<group>";
		};
		84AF5987281545E60054EC92 /* Products */ = {
			isa = PBXGroup;
			children = (
				84AF5986281545E60054EC92 /* TestRtk.app */,
				84AF598C281545E60054EC92 /* TestRtk.app */,
				84AF5993281545E60054EC92 /* Tests iOS.xctest */,
				84AF599F281545E60054EC92 /* Tests macOS.xctest */,
			);
			name = Products;
			sourceTree = "<group>";
		};
		84AF598D281545E60054EC92 /* macOS */ = {
			isa = PBXGroup;
			children = (
				84AF598E281545E60054EC92 /* macOS.entitlements */,
			);
			path = macOS;
			sourceTree = "<group>";
		};
		84AF5996281545E60054EC92 /* Tests iOS */ = {
			isa = PBXGroup;
			children = (
				84AF5997281545E60054EC92 /* Tests_iOS.swift */,
				84AF5999281545E60054EC92 /* Tests_iOSLaunchTests.swift */,
			);
			path = "Tests iOS";
			sourceTree = "<group>";
		};
		84AF59A2281545E60054EC92 /* Tests macOS */ = {
			isa = PBXGroup;
			children = (
				84AF59A3281545E60054EC92 /* Tests_macOS.swift */,
				84AF59A5281545E60054EC92 /* Tests_macOSLaunchTests.swift */,
			);
			path = "Tests macOS";
			sourceTree = "<group>";
		};
/* End PBXGroup section */

/* Begin PBXNativeTarget section */
		84AF5985281545E60054EC92 /* TestRtk (iOS) */ = {
			isa = PBXNativeTarget;
			buildConfigurationList = 84AF59AF281545E60054EC92 /* Build configuration list for PBXNativeTarget "TestRtk (iOS)" */;
			buildPhases = (
				84AF5982281545E60054EC92 /* Sources */,
				84AF5983281545E60054EC92 /* Frameworks */,
				84AF5984281545E60054EC92 /* Resources */,
			);
			buildRules = (
			);
			dependencies = (
			);
			name = "TestRtk (iOS)";
			productName = "TestRtk (iOS)";
			productReference = 84AF5986281545E60054EC92 /* TestRtk.app */;
			productType = "com.apple.product-type.application";
		};
		84AF598B281545E60054EC92 /* TestRtk (macOS) */ = {
			isa = PBXNativeTarget;
			buildConfigurationList = 84AF59B2281545E60054EC92 /* Build configuration list for PBXNativeTarget "TestRtk (macOS)" */;
			buildPhases = (
				84AF5988281545E60054EC92 /* Sources */,
				84AF5989281545E60054EC92 /* Frameworks */,
				84AF598A281545E60054EC92 /* Resources */,
			);
			buildRules = (
			);
			dependencies = (
			);
			name = "TestRtk (macOS)";
			productName = "TestRtk (macOS)";
			productReference = 84AF598C281545E60054EC92 /* TestRtk.app */;
			productType = "com.apple.product-type.application";
		};
		84AF5992281545E60054EC92 /* Tests iOS */ = {
			isa = PBXNativeTarget;
			buildConfigurationList = 84AF59B5281545E60054EC92 /* Build configuration list for PBXNativeTarget "Tests iOS" */;
			buildPhases = (
				84AF598F281545E60054EC92 /* Sources */,
				84AF5990281545E60054EC92 /* Frameworks */,
				84AF5991281545E60054EC92 /* Resources */,
			);
			buildRules = (
			);
			dependencies = (
				84AF5995281545E60054EC92 /* PBXTargetDependency */,
			);
			name = "Tests iOS";
			productName = "Tests iOS";
			productReference = 84AF5993281545E60054EC92 /* Tests iOS.xctest */;
			productType = "com.apple.product-type.bundle.ui-testing";
		};
		84AF599E281545E60054EC92 /* Tests macOS */ = {
			isa = PBXNativeTarget;
			buildConfigurationList = 84AF59B8281545E60054EC92 /* Build configuration list for PBXNativeTarget "Tests macOS" */;
			buildPhases = (
				84AF599B281545E60054EC92 /* Sources */,
				84AF599C281545E60054EC92 /* Frameworks */,
				84AF599D281545E60054EC92 /* Resources */,
			);
			buildRules = (
			);
			dependencies = (
				84AF59A1281545E60054EC92 /* PBXTargetDependency */,
			);
			name = "Tests macOS";
			productName = "Tests macOS";
			productReference = 84AF599F281545E60054EC92 /* Tests macOS.xctest */;
			productType = "com.apple.product-type.bundle.ui-testing";
		};
/* End PBXNativeTarget section */

/* Begin PBXProject section */
		84AF597A281545DD0054EC92 /* Project object */ = {
			isa = PBXProject;
			attributes = {
				BuildIndependentTargetsInParallel = 1;
				LastSwiftUpdateCheck = 1330;
				LastUpgradeCheck = 1330;
				TargetAttributes = {
					84AF5985281545E60054EC92 = {
						CreatedOnToolsVersion = 13.3.1;
					};
					84AF598B281545E60054EC92 = {
						CreatedOnToolsVersion = 13.3.1;
					};
					84AF5992281545E60054EC92 = {
						CreatedOnToolsVersion = 13.3.1;
						TestTargetID = 84AF5985281545E60054EC92;
					};
					84AF599E281545E60054EC92 = {
						CreatedOnToolsVersion = 13.3.1;
						TestTargetID = 84AF598B281545E60054EC92;
					};
				};
			};
			buildConfigurationList = 84AF597D281545DD0054EC92 /* Build configuration list for PBXProject "TestRtk" */;
			compatibilityVersion = "Xcode 13.0";
			developmentRegion = en;
			hasScannedForEncodings = 0;
			knownRegions = (
				en,
				Base,
			);
			mainGroup = 84AF5979281545DD0054EC92;
			productRefGroup = 84AF5987281545E60054EC92 /* Products */;
			projectDirPath = "";
			projectRoot = "";
			targets = (
				84AF5985281545E60054EC92 /* TestRtk (iOS) */,
				84AF598B281545E60054EC92 /* TestRtk (macOS) */,
				84AF5992281545E60054EC92 /* Tests iOS */,
				84AF599E281545E60054EC92 /* Tests macOS */,
			);
		};
/* End PBXProject section */

/* Begin PBXResourcesBuildPhase section */
		84AF5984281545E60054EC92 /* Resources */ = {
			isa = PBXResourcesBuildPhase;
			buildActionMask = 2147483647;
			files = (
				84AF59AB281545E60054EC92 /* Assets.xcassets in Resources */,
			);
			runOnlyForDeploymentPostprocessing = 0;
		};
		84AF598A281545E60054EC92 /* Resources */ = {
			isa = PBXResourcesBuildPhase;
			buildActionMask = 2147483647;
			files = (
				84AF59AC281545E60054EC92 /* Assets.xcassets in Resources */,
			);
			runOnlyForDeploymentPostprocessing = 0;
		};
		84AF5991281545E60054EC92 /* Resources */ = {
			isa = PBXResourcesBuildPhase;
			buildActionMask = 2147483647;
			files = (
			);
			runOnlyForDeploymentPostprocessing = 0;
		};
		84AF599D281545E60054EC92 /* Resources */ = {
			isa = PBXResourcesBuildPhase;
			buildActionMask = 2147483647;
			files = (
			);
			runOnlyForDeploymentPostprocessing = 0;
		};
/* End PBXResourcesBuildPhase section */

/* Begin PBXSourcesBuildPhase section */
		84AF5982281545E60054EC92 /* Sources */ = {
			isa = PBXSourcesBuildPhase;
			buildActionMask = 2147483647;
			files = (
				84AF59A9281545E60054EC92 /* ContentView.swift in Sources */,
				84AF59A7281545E60054EC92 /* TestRtkApp.swift in Sources */,
			);
			runOnlyForDeploymentPostprocessing = 0;
		};
		84AF5988281545E60054EC92 /* Sources */ = {
			isa = PBXSourcesBuildPhase;
			buildActionMask = 2147483647;
			files = (
				84AF59AA281545E60054EC92 /* ContentView.swift in Sources */,
				84AF59A8281545E60054EC92 /* TestRtkApp.swift in Sources */,
			);
			runOnlyForDeploymentPostprocessing = 0;
		};
		84AF598F281545E60054EC92 /* Sources */ = {
			isa = PBXSourcesBuildPhase;
			buildActionMask = 2147483647;
			files = (
				84AF599A281545E60054EC92 /* Tests_iOSLaunchTests.swift in Sources */,
				84AF5998281545E60054EC92 /* Tests_iOS.swift in Sources */,
			);
			runOnlyForDeploymentPostprocessing = 0;
		};
		84AF599B281545E60054EC92 /* Sources */ = {
			isa = PBXSourcesBuildPhase;
			buildActionMask = 2147483647;
			files = (
				84AF59A6281545E60054EC92 /* Tests_macOSLaunchTests.swift in Sources */,
				84AF59A4281545E60054EC92 /* Tests_macOS.swift in Sources */,
			);
			runOnlyForDeploymentPostprocessing = 0;
		};
/* End PBXSourcesBuildPhase section */

/* Begin PBXTargetDependency section */
		84AF5995281545E60054EC92 /* PBXTargetDependency */ = {
			isa = PBXTargetDependency;
			target = 84AF5985281545E60054EC92 /* TestRtk (iOS) */;
			targetProxy = 84AF5994281545E60054EC92 /* PBXContainerItemProxy */;
		};
		84AF59A1281545E60054EC92 /* PBXTargetDependency */ = {
			isa = PBXTargetDependency;
			target = 84AF598B281545E60054EC92 /* TestRtk (macOS) */;
			targetProxy = 84AF59A0281545E60054EC92 /* PBXContainerItemProxy */;
		};
/* End PBXTargetDependency section */

/* Begin XCBuildConfiguration section */
		84AF59AD281545E60054EC92 /* Debug */ = {
			isa = XCBuildConfiguration;
			buildSettings = {
				ALWAYS_SEARCH_USER_PATHS = NO;
				CLANG_ANALYZER_NONNULL = YES;
				CLANG_ANALYZER_NUMBER_OBJECT_CONVERSION = YES_AGGRESSIVE;
				CLANG_CXX_LANGUAGE_STANDARD = "gnu++17";
				CLANG_ENABLE_MODULES = YES;
				CLANG_ENABLE_OBJC_ARC = YES;
				CLANG_ENABLE_OBJC_WEAK = YES;
				CLANG_WARN_BLOCK_CAPTURE_AUTORELEASING = YES;
				CLANG_WARN_BOOL_CONVERSION = YES;
				CLANG_WARN_COMMA = YES;
				CLANG_WARN_CONSTANT_CONVERSION = YES;
				CLANG_WARN_DEPRECATED_OBJC_IMPLEMENTATIONS = YES;
				CLANG_WARN_DIRECT_OBJC_ISA_USAGE = YES_ERROR;
				CLANG_WARN_DOCUMENTATION_COMMENTS = YES;
				CLANG_WARN_EMPTY_BODY = YES;
				CLANG_WARN_ENUM_CONVERSION = YES;
				CLANG_WARN_INFINITE_RECURSION = YES;
				CLANG_WARN_INT_CONVERSION = YES;
				CLANG_WARN_NON_LITERAL_NULL_CONVERSION = YES;
				CLANG_WARN_OBJC_IMPLICIT_RETAIN_SELF = YES;
				CLANG_WARN_OBJC_LITERAL_CONVERSION = YES;
				CLANG_WARN_OBJC_ROOT_CLASS = YES_ERROR;
				CLANG_WARN_QUOTED_INCLUDE_IN_FRAMEWORK_HEADER = YES;
				CLANG_WARN_RANGE_LOOP_ANALYSIS = YES;
				CLANG_WARN_STRICT_PROTOTYPES = YES;
				CLANG_WARN_SUSPICIOUS_MOVE = YES;
				CLANG_WARN_UNGUARDED_AVAILABILITY = YES_AGGRESSIVE;
				CLANG_WARN_UNREACHABLE_CODE = YES;
				CLANG_WARN__DUPLICATE_METHOD_MATCH = YES;
				COPY_PHASE_STRIP = NO;
				DEBUG_INFORMATION_FORMAT = dwarf;
				ENABLE_STRICT_OBJC_MSGSEND = YES;
				ENABLE_TESTABILITY = YES;
				GCC_C_LANGUAGE_STANDARD = gnu11;
				GCC_DYNAMIC_NO_PIC = NO;
				GCC_NO_COMMON_BLOCKS = YES;
				GCC_OPTIMIZATION_LEVEL = 0;
				GCC_PREPROCESSOR_DEFINITIONS = (
					"DEBUG=1",
					"$(inherited)",
				);
				GCC_WARN_64_TO_32_BIT_CONVERSION = YES;
				GCC_WARN_ABOUT_RETURN_TYPE = YES_ERROR;
				GCC_WARN_UNDECLARED_SELECTOR = YES;
				GCC_WARN_UNINITIALIZED_AUTOS = YES_AGGRESSIVE;
				GCC_WARN_UNUSED_FUNCTION = YES;
				GCC_WARN_UNUSED_VARIABLE = YES;
				MTL_ENABLE_DEBUG_INFO = INCLUDE_SOURCE;
				MTL_FAST_MATH = YES;
				ONLY_ACTIVE_ARCH = YES;
				SWIFT_ACTIVE_COMPILATION_CONDITIONS = DEBUG;
				SWIFT_OPTIMIZATION_LEVEL = "-Onone";
			};
			name = Debug;
		};
		84AF59AE281545E60054EC92 /* Release */ = {
			isa = XCBuildConfiguration;
			buildSettings = {
				ALWAYS_SEARCH_USER_PATHS = NO;
				CLANG_ANALYZER_NONNULL = YES;
				CLANG_ANALYZER_NUMBER_OBJECT_CONVERSION = YES_AGGRESSIVE;
				CLANG_CXX_LANGUAGE_STANDARD = "gnu++17";
				CLANG_ENABLE_MODULES = YES;
				CLANG_ENABLE_OBJC_ARC = YES;
				CLANG_ENABLE_OBJC_WEAK = YES;
				CLANG_WARN_BLOCK_CAPTURE_AUTORELEASING = YES;
				CLANG_WARN_BOOL_CONVERSION = YES;
				CLANG_WARN_COMMA = YES;
				CLANG_WARN_CONSTANT_CONVERSION = YES;
				CLANG_WARN_DEPRECATED_OBJC_IMPLEMENTATIONS = YES;
				CLANG_WARN_DIRECT_OBJC_ISA_USAGE = YES_ERROR;
				CLANG_WARN_DOCUMENTATION_COMMENTS = YES;
				CLANG_WARN_EMPTY_BODY = YES;
				CLANG_WARN_ENUM_CONVERSION = YES;
				CLANG_WARN_INFINITE_RECURSION = YES;
				CLANG_WARN_INT_CONVERSION = YES;
				CLANG_WARN_NON_LITERAL_NULL_CONVERSION = YES;
				CLANG_WARN_OBJC_IMPLICIT_RETAIN_SELF = YES;
				CLANG_WARN_OBJC_LITERAL_CONVERSION = YES;
				CLANG_WARN_OBJC_ROOT_CLASS = YES_ERROR;
				CLANG_WARN_QUOTED_INCLUDE_IN_FRAMEWORK_HEADER = YES;
				CLANG_WARN_RANGE_LOOP_ANALYSIS = YES;
				CLANG_WARN_STRICT_PROTOTYPES = YES;
				CLANG_WARN_SUSPICIOUS_MOVE = YES;
				CLANG_WARN_UNGUARDED_AVAILABILITY = YES_AGGRESSIVE;
				CLANG_WARN_UNREACHABLE_CODE = YES;
				CLANG_WARN__DUPLICATE_METHOD_MATCH = YES;
				COPY_PHASE_STRIP = NO;
				DEBUG_INFORMATION_FORMAT = "dwarf-with-dsym";
				ENABLE_NS_ASSERTIONS = NO;
				ENABLE_STRICT_OBJC_MSGSEND = YES;
				GCC_C_LANGUAGE_STANDARD = gnu11;
				GCC_NO_COMMON_BLOCKS = YES;
				GCC_WARN_64_TO_32_BIT_CONVERSION = YES;
				GCC_WARN_ABOUT_RETURN_TYPE = YES_ERROR;
				GCC_WARN_UNDECLARED_SELECTOR = YES;
				GCC_WARN_UNINITIALIZED_AUTOS = YES_AGGRESSIVE;
				GCC_WARN_UNUSED_FUNCTION = YES;
				GCC_WARN_UNUSED_VARIABLE = YES;
				MTL_ENABLE_DEBUG_INFO = NO;
				MTL_FAST_MATH = YES;
				SWIFT_COMPILATION_MODE = wholemodule;
				SWIFT_OPTIMIZATION_LEVEL = "-O";
			};
			name = Release;
		};
		84AF59B0281545E60054EC92 /* Debug */ = {
			isa = XCBuildConfiguration;
			buildSettings = {
				ASSETCATALOG_COMPILER_APPICON_NAME = AppIcon;
				ASSETCATALOG_COMPILER_GLOBAL_ACCENT_COLOR_NAME = AccentColor;
				CODE_SIGN_STYLE = Automatic;
				CURRENT_PROJECT_VERSION = 1;
				DEVELOPMENT_TEAM = Q98GV5J59C;
				ENABLE_PREVIEWS = YES;
				GENERATE_INFOPLIST_FILE = YES;
				INFOPLIST_KEY_UIApplicationSceneManifest_Generation = YES;
				INFOPLIST_KEY_UIApplicationSupportsIndirectInputEvents = YES;
				INFOPLIST_KEY_UILaunchScreen_Generation = YES;
				INFOPLIST_KEY_UISupportedInterfaceOrientations_iPad = "UIInterfaceOrientationPortrait UIInterfaceOrientationPortraitUpsideDown UIInterfaceOrientationLandscapeLeft UIInterfaceOrientationLandscapeRight";
				INFOPLIST_KEY_UISupportedInterfaceOrientations_iPhone = "UIInterfaceOrientationPortrait UIInterfaceOrientationLandscapeLeft UIInterfaceOrientationLandscapeRight";
				IPHONEOS_DEPLOYMENT_TARGET = 15.4;
				LD_RUNPATH_SEARCH_PATHS = (
					"$(inherited)",
					"@executable_path/Frameworks",
				);
				MARKETING_VERSION = 1.0;
				PRODUCT_BUNDLE_IDENTIFIER = yoneyan.TestRtk;
				PRODUCT_NAME = TestRtk;
				SDKROOT = iphoneos;
				SWIFT_EMIT_LOC_STRINGS = YES;
				SWIFT_VERSION = 5.0;
				TARGETED_DEVICE_FAMILY = "1,2";
			};
			name = Debug;
		};
		84AF59B1281545E60054EC92 /* Release */ = {
			isa = XCBuildConfiguration;
			buildSettings = {
				ASSETCATALOG_COMPILER_APPICON_NAME = AppIcon;
				ASSETCATALOG_COMPILER_GLOBAL_ACCENT_COLOR_NAME = AccentColor;
				CODE_SIGN_STYLE = Automatic;
				CURRENT_PROJECT_VERSION = 1;
				DEVELOPMENT_TEAM = Q98GV5J59C;
				ENABLE_PREVIEWS = YES;
				GENERATE_INFOPLIST_FILE = YES;
				INFOPLIST_KEY_UIApplicationSceneManifest_Generation = YES;
				INFOPLIST_KEY_UIApplicationSupportsIndirectInputEvents = YES;
				INFOPLIST_KEY_UILaunchScreen_Generation = YES;
				INFOPLIST_KEY_UISupportedInterfaceOrientations_iPad = "UIInterfaceOrientationPortrait UIInterfaceOrientationPortraitUpsideDown UIInterfaceOrientationLandscapeLeft UIInterfaceOrientationLandscapeRight";
				INFOPLIST_KEY_UISupportedInterfaceOrientations_iPhone = "UIInterfaceOrientationPortrait UIInterfaceOrientationLandscapeLeft UIInterfaceOrientationLandscapeRight";
				IPHONEOS_DEPLOYMENT_TARGET = 15.4;
				LD_RUNPATH_SEARCH_PATHS = (
					"$(inherited)",
					"@executable_path/Frameworks",
				);
				MARKETING_VERSION = 1.0;
				PRODUCT_BUNDLE_IDENTIFIER = yoneyan.TestRtk;
				PRODUCT_NAME = TestRtk;
				SDKROOT = iphoneos;
				SWIFT_EMIT_LOC_STRINGS = YES;
				SWIFT_VERSION = 5.0;
				TARGETED_DEVICE_FAMILY = "1,2";
				VALIDATE_PRODUCT = YES;
			};
			name = Release;
		};
		84AF59B3281545E60054EC92 /* Debug */ = {
			isa = XCBuildConfiguration;
			buildSettings = {
				ASSETCATALOG_COMPILER_APPICON_NAME = AppIcon;
				ASSETCATALOG_COMPILER_GLOBAL_ACCENT_COLOR_NAME = AccentColor;
				CODE_SIGN_ENTITLEMENTS = macOS/macOS.entitlements;
				CODE_SIGN_STYLE = Automatic;
				COMBINE_HIDPI_IMAGES = YES;
				CURRENT_PROJECT_VERSION = 1;
				DEVELOPMENT_TEAM = Q98GV5J59C;
				ENABLE_HARDENED_RUNTIME = YES;
				ENABLE_PREVIEWS = YES;
				GENERATE_INFOPLIST_FILE = YES;
				INFOPLIST_KEY_NSHumanReadableCopyright = "";
				LD_RUNPATH_SEARCH_PATHS = (
					"$(inherited)",
					"@executable_path/../Frameworks",
				);
				MACOSX_DEPLOYMENT_TARGET = 12.3;
				MARKETING_VERSION = 1.0;
				PRODUCT_BUNDLE_IDENTIFIER = yoneyan.TestRtk;
				PRODUCT_NAME = TestRtk;
				SDKROOT = macosx;
				SWIFT_EMIT_LOC_STRINGS = YES;
				SWIFT_VERSION = 5.0;
			};
			name = Debug;
		};
		84AF59B4281545E60054EC92 /* Release */ = {
			isa = XCBuildConfiguration;
			buildSettings = {
				ASSETCATALOG_COMPILER_APPICON_NAME = AppIcon;
				ASSETCATALOG_COMPILER_GLOBAL_ACCENT_COLOR_NAME = AccentColor;
				CODE_SIGN_ENTITLEMENTS = macOS/macOS.entitlements;
				CODE_SIGN_STYLE = Automatic;
				COMBINE_HIDPI_IMAGES = YES;
				CURRENT_PROJECT_VERSION = 1;
				DEVELOPMENT_TEAM = Q98GV5J59C;
				ENABLE_HARDENED_RUNTIME = YES;
				ENABLE_PREVIEWS = YES;
				GENERATE_INFOPLIST_FILE = YES;
				INFOPLIST_KEY_NSHumanReadableCopyright = "";
				LD_RUNPATH_SEARCH_PATHS = (
					"$(inherited)",
					"@executable_path/../Frameworks",
				);
				MACOSX_DEPLOYMENT_TARGET = 12.3;
				MARKETING_VERSION = 1.0;
				PRODUCT_BUNDLE_IDENTIFIER = yoneyan.TestRtk;
				PRODUCT_NAME = TestRtk;
				SDKROOT = macosx;
				SWIFT_EMIT_LOC_STRINGS = YES;
				SWIFT_VERSION = 5.0;
			};
			name = Release;
		};
		84AF59B6281545E60054EC92 /* Debug */ = {
			isa = XCBuildConfiguration;
			buildSettings = {
				ALWAYS_EMBED_SWIFT_STANDARD_LIBRARIES = YES;
				CODE_SIGN_STYLE = Automatic;
				CURRENT_PROJECT_VERSION = 1;
				DEVELOPMENT_TEAM = Q98GV5J59C;
				GENERATE_INFOPLIST_FILE = YES;
				IPHONEOS_DEPLOYMENT_TARGET = 15.4;
				MARKETING_VERSION = 1.0;
				PRODUCT_BUNDLE_IDENTIFIER = "yoneyan.Tests-iOS";
				PRODUCT_NAME = "$(TARGET_NAME)";
				SDKROOT = iphoneos;
				SWIFT_EMIT_LOC_STRINGS = NO;
				SWIFT_VERSION = 5.0;
				TARGETED_DEVICE_FAMILY = "1,2";
				TEST_TARGET_NAME = "TestRtk (iOS)";
			};
			name = Debug;
		};
		84AF59B7281545E60054EC92 /* Release */ = {
			isa = XCBuildConfiguration;
			buildSettings = {
				ALWAYS_EMBED_SWIFT_STANDARD_LIBRARIES = YES;
				CODE_SIGN_STYLE = Automatic;
				CURRENT_PROJECT_VERSION = 1;
				DEVELOPMENT_TEAM = Q98GV5J59C;
				GENERATE_INFOPLIST_FILE = YES;
				IPHONEOS_DEPLOYMENT_TARGET = 15.4;
				MARKETING_VERSION = 1.0;
				PRODUCT_BUNDLE_IDENTIFIER = "yoneyan.Tests-iOS";
				PRODUCT_NAME = "$(TARGET_NAME)";
				SDKROOT = iphoneos;
				SWIFT_EMIT_LOC_STRINGS = NO;
				SWIFT_VERSION = 5.0;
				TARGETED_DEVICE_FAMILY = "1,2";
				TEST_TARGET_NAME = "TestRtk (iOS)";
				VALIDATE_PRODUCT = YES;
			};
			name = Release;
		};
		84AF59B9281545E60054EC92 /* Debug */ = {
			isa = XCBuildConfiguration;
			buildSettings = {
				ALWAYS_EMBED_SWIFT_STANDARD_LIBRARIES = YES;
				CODE_SIGN_STYLE = Automatic;
				CURRENT_PROJECT_VERSION = 1;
				DEVELOPMENT_TEAM = Q98GV5J59C;
				GENERATE_INFOPLIST_FILE = YES;
				MACOSX_DEPLOYMENT_TARGET = 12.3;
				MARKETING_VERSION = 1.0;
				PRODUCT_BUNDLE_IDENTIFIER = "yoneyan.Tests-macOS";
				PRODUCT_NAME = "$(TARGET_NAME)";
				SDKROOT = macosx;
				SWIFT_EMIT_LOC_STRINGS = NO;
				SWIFT_VERSION = 5.0;
				TEST_TARGET_NAME = "TestRtk (macOS)";
			};
			name = Debug;
		};
		84AF59BA281545E60054EC92 /* Release */ = {
			isa = XCBuildConfiguration;
			buildSettings = {
				ALWAYS_EMBED_SWIFT_STANDARD_LIBRARIES = YES;
				CODE_SIGN_STYLE = Automatic;
				CURRENT_PROJECT_VERSION = 1;
				DEVELOPMENT_TEAM = Q98GV5J59C;
				GENERATE_INFOPLIST_FILE = YES;
				MACOSX_DEPLOYMENT_TARGET = 12.3;
				MARKETING_VERSION = 1.0;
				PRODUCT_BUNDLE_IDENTIFIER = "yoneyan.Tests-macOS";
				PRODUCT_NAME = "$(TARGET_NAME)";
				SDKROOT = macosx;
				SWIFT_EMIT_LOC_STRINGS = NO;
				SWIFT_VERSION = 5.0;
				TEST_TARGET_NAME = "TestRtk (macOS)";
			};
			name = Release;
		};
/* End XCBuildConfiguration section */

/* Begin XCConfigurationList section */
		84AF597D281545DD0054EC92 /* Build configuration list for PBXProject "TestRtk" */ = {
			isa = XCConfigurationList;
			buildConfigurations = (
				84AF59AD281545E60054EC92 /* Debug */,
				84AF59AE281545E60054EC92 /* Release */,
			);
			defaultConfigurationIsVisible = 0;
			defaultConfigurationName = Release;
		};
		84AF59AF281545E60054EC92 /* Build configuration list for PBXNativeTarget "TestRtk (iOS)" */ = {
			isa = XCConfigurationList;
			buildConfigurations = (
				84AF59B0281545E60054EC92 /* Debug */,
				84AF59B1281545E60054EC92 /* Release */,
			);
			defaultConfigurationIsVisible = 0;
			defaultConfigurationName = Release;
		};
		84AF59B2281545E60054EC92 /* Build configuration list for PBXNativeTarget "TestRtk (macOS)" */ = {
			isa = XCConfigurationList;
			buildConfigurations = (
				84AF59B3281545E60054EC92 /* Debug */,
				84AF59B4281545E60054EC92 /* Release */,
			);
			defaultConfigurationIsVisible = 0;
			defaultConfigurationName = Release;
		};
		84AF59B5281545E60054EC92 /* Build configuration list for PBXNativeTarget "Tests iOS" */ = {
			isa = XCConfigurationList;
			buildConfigurations = (
				84AF59B6281545E60054EC92 /* Debug */,
				84AF59B7281545E60054EC92 /* Release */,
			);
			defaultConfigurationIsVisible = 0;
			defaultConfigurationName = Release;
		};
		84AF59B8281545E60054EC92 /* Build configuration list for PBXNativeTarget "Tests macOS" */ = {
			isa = XCConfigurationList;
			buildConfigurations = (
				84AF59B9281545E60054EC92 /* Debug */,
				84AF59BA281545E60054EC92 /* Release */,
			);
			defaultConfigurationIsVisible = 0;
			defaultConfigurationName = Release;
		};
/* End XCConfigurationList section */
	};
	rootObject = 84AF597A281545DD0054EC92 /* Project object */;
}
